
Microsoft Visual Studio Solution File, Format Version 12.00
# Visual Studio Version 16
VisualStudioVersion = 16.0.28803.202
MinimumVisualStudioVersion = 10.0.40219.1
Project("{FAE04EC0-301F-11D3-BF4B-00C04F79EFBC}") = "AnemicModel", "AnemicModel\AnemicModel.csproj", "{F2C03C71-2BDF-466A-9DF3-7D1E2B6A4A3F}"
EndProject
Project("{FAE04EC0-301F-11D3-BF4B-00C04F79EFBC}") = "RichModel", "RichModel\RichModel.csproj", "{D12CF549-931F-4236-A3D0-8B5363D386EB}"
EndProject
Global
	GlobalSection(SolutionConfigurationPlatforms) = preSolution
		Debug|Any CPU = Debug|Any CPU
		Release|Any CPU = Release|Any CPU
	EndGlobalSection
	GlobalSection(ProjectConfigurationPlatforms) = postSolution
		{F2C03C71-2BDF-466A-9DF3-7D1E2B6A4A3F}.Debug|Any CPU.ActiveCfg = Debug|Any CPU
		{F2C03C71-2BDF-466A-9DF3-7D1E2B6A4A3F}.Debug|Any CPU.Build.0 = Debug|Any CPU
		{F2C03C71-2BDF-466A-9DF3-7D1E2B6A4A3F}.Release|Any CPU.ActiveCfg = Release|Any CPU
		{F2C03C71-2BDF-466A-9DF3-7D1E2B6A4A3F}.Release|Any CPU.Build.0 = Release|Any CPU
		{D12CF549-931F-4236-A3D0-8B5363D386EB}.Debug|Any CPU.ActiveCfg = Debug|Any CPU
		{D12CF549-931F-4236-A3D0-8B5363D386EB}.Debug|Any CPU.Build.0 = Debug|Any CPU
		{D12CF549-931F-4236-A3D0-8B5363D386EB}.Release|Any CPU.ActiveCfg = Release|Any CPU
		{D12CF549-931F-4236-A3D0-8B5363D386EB}.Release|Any CPU.Build.0 = Release|Any CPU
	EndGlobalSection
	GlobalSection(SolutionProperties) = preSolution
		HideSolutionNode = FALSE
	EndGlobalSection
	GlobalSection(ExtensibilityGlobals) = postSolution
		SolutionGuid = {A601F2CB-B2D0-4BFD-BD22-C9A7343DB7CE}
	EndGlobalSection
EndGlobal
